// !$*UTF8*$!
{
	archiveVersion = 1;
	classes = {
	};
	objectVersion = 46;
	objects = {

/* Begin PBXBuildFile section */
		45F09A691407894B00EB0609 /* UIKit.framework in Frameworks */ = {isa = PBXBuildFile; fileRef = 45F09A681407894B00EB0609 /* UIKit.framework */; };
		45F09A6B1407894B00EB0609 /* Foundation.framework in Frameworks */ = {isa = PBXBuildFile; fileRef = 45F09A6A1407894B00EB0609 /* Foundation.framework */; };
		45F09A6D1407894B00EB0609 /* CoreGraphics.framework in Frameworks */ = {isa = PBXBuildFile; fileRef = 45F09A6C1407894B00EB0609 /* CoreGraphics.framework */; };
		45F09A731407894B00EB0609 /* InfoPlist.strings in Resources */ = {isa = PBXBuildFile; fileRef = 45F09A711407894B00EB0609 /* InfoPlist.strings */; };
		45F09A761407894B00EB0609 /* main.m in Sources */ = {isa = PBXBuildFile; fileRef = 45F09A751407894B00EB0609 /* main.m */; };
		45F09A791407894B00EB0609 /* yahooOauthAppDelegate.m in Sources */ = {isa = PBXBuildFile; fileRef = 45F09A781407894B00EB0609 /* yahooOauthAppDelegate.m */; };
		45F09A7C1407894C00EB0609 /* MainWindow.xib in Resources */ = {isa = PBXBuildFile; fileRef = 45F09A7A1407894C00EB0609 /* MainWindow.xib */; };
		45F09A7F1407894C00EB0609 /* yahooOauthViewController.m in Sources */ = {isa = PBXBuildFile; fileRef = 45F09A7E1407894C00EB0609 /* yahooOauthViewController.m */; };
		45F09A821407894C00EB0609 /* yahooOauthViewController.xib in Resources */ = {isa = PBXBuildFile; fileRef = 45F09A801407894C00EB0609 /* yahooOauthViewController.xib */; };
		45F09A9F14078A1100EB0609 /* ASIAuthenticationDialog.m in Sources */ = {isa = PBXBuildFile; fileRef = 45F09A8C14078A1100EB0609 /* ASIAuthenticationDialog.m */; };
		45F09AA014078A1100EB0609 /* ASIDataCompressor.m in Sources */ = {isa = PBXBuildFile; fileRef = 45F09A8F14078A1100EB0609 /* ASIDataCompressor.m */; };
		45F09AA114078A1100EB0609 /* ASIDataDecompressor.m in Sources */ = {isa = PBXBuildFile; fileRef = 45F09A9114078A1100EB0609 /* ASIDataDecompressor.m */; };
		45F09AA214078A1100EB0609 /* ASIDownloadCache.m in Sources */ = {isa = PBXBuildFile; fileRef = 45F09A9314078A1100EB0609 /* ASIDownloadCache.m */; };
		45F09AA314078A1100EB0609 /* ASIFormDataRequest.m in Sources */ = {isa = PBXBuildFile; fileRef = 45F09A9514078A1100EB0609 /* ASIFormDataRequest.m */; };
		45F09AA414078A1100EB0609 /* ASIHTTPRequest.m in Sources */ = {isa = PBXBuildFile; fileRef = 45F09A9714078A1100EB0609 /* ASIHTTPRequest.m */; };
		45F09AA514078A1100EB0609 /* ASIInputStream.m in Sources */ = {isa = PBXBuildFile; fileRef = 45F09A9B14078A1100EB0609 /* ASIInputStream.m */; };
		45F09AA614078A1100EB0609 /* ASINetworkQueue.m in Sources */ = {isa = PBXBuildFile; fileRef = 45F09A9D14078A1100EB0609 /* ASINetworkQueue.m */; };
		45F09AAA14078A4000EB0609 /* Reachability.m in Sources */ = {isa = PBXBuildFile; fileRef = 45F09AA914078A4000EB0609 /* Reachability.m */; };
		45F09AAC14078AEA00EB0609 /* CFNetwork.framework in Frameworks */ = {isa = PBXBuildFile; fileRef = 45F09AAB14078AEA00EB0609 /* CFNetwork.framework */; };
		45F09AAE14078AF300EB0609 /* SystemConfiguration.framework in Frameworks */ = {isa = PBXBuildFile; fileRef = 45F09AAD14078AF300EB0609 /* SystemConfiguration.framework */; };
		45F09AB014078AFC00EB0609 /* MobileCoreServices.framework in Frameworks */ = {isa = PBXBuildFile; fileRef = 45F09AAF14078AFC00EB0609 /* MobileCoreServices.framework */; };
		45F09AB71407A0D800EB0609 /* RegexKitLite.m in Sources */ = {isa = PBXBuildFile; fileRef = 45F09AB61407A0D800EB0609 /* RegexKitLite.m */; };
		45F09AB91407A1F500EB0609 /* libicucore.dylib in Frameworks */ = {isa = PBXBuildFile; fileRef = 45F09AB81407A1F500EB0609 /* libicucore.dylib */; };
		CBC8C9F914093108004E5734 /* ASIFormDataRequest+OAuth.m in Sources */ = {isa = PBXBuildFile; fileRef = CBC8C9F014093108004E5734 /* ASIFormDataRequest+OAuth.m */; };
		CBC8C9FA14093108004E5734 /* ASIHTTPRequest+OAuth.m in Sources */ = {isa = PBXBuildFile; fileRef = CBC8C9F214093108004E5734 /* ASIHTTPRequest+OAuth.m */; };
		CBC8C9FB14093108004E5734 /* LICENSE in Resources */ = {isa = PBXBuildFile; fileRef = CBC8C9F314093108004E5734 /* LICENSE */; };
		CBC8C9FC14093108004E5734 /* NSData+Base64.m in Sources */ = {isa = PBXBuildFile; fileRef = CBC8C9F514093108004E5734 /* NSData+Base64.m */; };
		CBC8C9FD14093108004E5734 /* NSString+URLEncode.m in Sources */ = {isa = PBXBuildFile; fileRef = CBC8C9F714093108004E5734 /* NSString+URLEncode.m */; };
		CBC8C9FE14093108004E5734 /* README in Resources */ = {isa = PBXBuildFile; fileRef = CBC8C9F814093108004E5734 /* README */; };
		E797DC3216304C14004580E2 /* libz.1.2.5.dylib in Frameworks */ = {isa = PBXBuildFile; fileRef = E797DC3116304C13004580E2 /* libz.1.2.5.dylib */; };
		E7DBEF0D140BF839003D1054 /* YahooApi.m in Sources */ = {isa = PBXBuildFile; fileRef = E7DBEF0C140BF839003D1054 /* YahooApi.m */; };
		E7F491FC140FF2930090D410 /* NSObject+SBJSON.m in Sources */ = {isa = PBXBuildFile; fileRef = E7F491F1140FF2930090D410 /* NSObject+SBJSON.m */; };
		E7F491FD140FF2930090D410 /* NSString+SBJSON.m in Sources */ = {isa = PBXBuildFile; fileRef = E7F491F3140FF2930090D410 /* NSString+SBJSON.m */; };
		E7F491FE140FF2930090D410 /* SBJSON.m in Sources */ = {isa = PBXBuildFile; fileRef = E7F491F5140FF2930090D410 /* SBJSON.m */; };
		E7F491FF140FF2930090D410 /* SBJsonBase.m in Sources */ = {isa = PBXBuildFile; fileRef = E7F491F7140FF2930090D410 /* SBJsonBase.m */; };
		E7F49200140FF2930090D410 /* SBJsonParser.m in Sources */ = {isa = PBXBuildFile; fileRef = E7F491F9140FF2930090D410 /* SBJsonParser.m */; };
		E7F49201140FF2930090D410 /* SBJsonWriter.m in Sources */ = {isa = PBXBuildFile; fileRef = E7F491FB140FF2930090D410 /* SBJsonWriter.m */; };
/* End PBXBuildFile section */

/* Begin PBXFileReference section */
		45F09A641407894B00EB0609 /* yahooOauth.app */ = {isa = PBXFileReference; explicitFileType = wrapper.application; includeInIndex = 0; path = yahooOauth.app; sourceTree = BUILT_PRODUCTS_DIR; };
		45F09A681407894B00EB0609 /* UIKit.framework */ = {isa = PBXFileReference; lastKnownFileType = wrapper.framework; name = UIKit.framework; path = System/Library/Frameworks/UIKit.framework; sourceTree = SDKROOT; };
		45F09A6A1407894B00EB0609 /* Foundation.framework */ = {isa = PBXFileReference; lastKnownFileType = wrapper.framework; name = Foundation.framework; path = System/Library/Frameworks/Foundation.framework; sourceTree = SDKROOT; };
		45F09A6C1407894B00EB0609 /* CoreGraphics.framework */ = {isa = PBXFileReference; lastKnownFileType = wrapper.framework; name = CoreGraphics.framework; path = System/Library/Frameworks/CoreGraphics.framework; sourceTree = SDKROOT; };
		45F09A701407894B00EB0609 /* yahooOauth-Info.plist */ = {isa = PBXFileReference; lastKnownFileType = text.plist.xml; path = "yahooOauth-Info.plist"; sourceTree = "<group>"; };
		45F09A721407894B00EB0609 /* en */ = {isa = PBXFileReference; lastKnownFileType = text.plist.strings; name = en; path = en.lproj/InfoPlist.strings; sourceTree = "<group>"; };
		45F09A741407894B00EB0609 /* yahooOauth-Prefix.pch */ = {isa = PBXFileReference; lastKnownFileType = sourcecode.c.h; path = "yahooOauth-Prefix.pch"; sourceTree = "<group>"; };
		45F09A751407894B00EB0609 /* main.m */ = {isa = PBXFileReference; lastKnownFileType = sourcecode.c.objc; path = main.m; sourceTree = "<group>"; };
		45F09A771407894B00EB0609 /* yahooOauthAppDelegate.h */ = {isa = PBXFileReference; lastKnownFileType = sourcecode.c.h; path = yahooOauthAppDelegate.h; sourceTree = "<group>"; };
		45F09A781407894B00EB0609 /* yahooOauthAppDelegate.m */ = {isa = PBXFileReference; lastKnownFileType = sourcecode.c.objc; path = yahooOauthAppDelegate.m; sourceTree = "<group>"; };
		45F09A7B1407894C00EB0609 /* en */ = {isa = PBXFileReference; lastKnownFileType = file.xib; name = en; path = en.lproj/MainWindow.xib; sourceTree = "<group>"; };
		45F09A7D1407894C00EB0609 /* yahooOauthViewController.h */ = {isa = PBXFileReference; lastKnownFileType = sourcecode.c.h; path = yahooOauthViewController.h; sourceTree = "<group>"; };
		45F09A7E1407894C00EB0609 /* yahooOauthViewController.m */ = {isa = PBXFileReference; lastKnownFileType = sourcecode.c.objc; path = yahooOauthViewController.m; sourceTree = "<group>"; };
		45F09A811407894C00EB0609 /* en */ = {isa = PBXFileReference; lastKnownFileType = file.xib; name = en; path = en.lproj/yahooOauthViewController.xib; sourceTree = "<group>"; };
		45F09A8B14078A1100EB0609 /* ASIAuthenticationDialog.h */ = {isa = PBXFileReference; fileEncoding = 4; lastKnownFileType = sourcecode.c.h; path = ASIAuthenticationDialog.h; sourceTree = "<group>"; };
		45F09A8C14078A1100EB0609 /* ASIAuthenticationDialog.m */ = {isa = PBXFileReference; fileEncoding = 4; lastKnownFileType = sourcecode.c.objc; path = ASIAuthenticationDialog.m; sourceTree = "<group>"; };
		45F09A8D14078A1100EB0609 /* ASICacheDelegate.h */ = {isa = PBXFileReference; fileEncoding = 4; lastKnownFileType = sourcecode.c.h; path = ASICacheDelegate.h; sourceTree = "<group>"; };
		45F09A8E14078A1100EB0609 /* ASIDataCompressor.h */ = {isa = PBXFileReference; fileEncoding = 4; lastKnownFileType = sourcecode.c.h; path = ASIDataCompressor.h; sourceTree = "<group>"; };
		45F09A8F14078A1100EB0609 /* ASIDataCompressor.m */ = {isa = PBXFileReference; fileEncoding = 4; lastKnownFileType = sourcecode.c.objc; path = ASIDataCompressor.m; sourceTree = "<group>"; };
		45F09A9014078A1100EB0609 /* ASIDataDecompressor.h */ = {isa = PBXFileReference; fileEncoding = 4; lastKnownFileType = sourcecode.c.h; path = ASIDataDecompressor.h; sourceTree = "<group>"; };
		45F09A9114078A1100EB0609 /* ASIDataDecompressor.m */ = {isa = PBXFileReference; fileEncoding = 4; lastKnownFileType = sourcecode.c.objc; path = ASIDataDecompressor.m; sourceTree = "<group>"; };
		45F09A9214078A1100EB0609 /* ASIDownloadCache.h */ = {isa = PBXFileReference; fileEncoding = 4; lastKnownFileType = sourcecode.c.h; path = ASIDownloadCache.h; sourceTree = "<group>"; };
		45F09A9314078A1100EB0609 /* ASIDownloadCache.m */ = {isa = PBXFileReference; fileEncoding = 4; lastKnownFileType = sourcecode.c.objc; path = ASIDownloadCache.m; sourceTree = "<group>"; };
		45F09A9414078A1100EB0609 /* ASIFormDataRequest.h */ = {isa = PBXFileReference; fileEncoding = 4; lastKnownFileType = sourcecode.c.h; path = ASIFormDataRequest.h; sourceTree = "<group>"; };
		45F09A9514078A1100EB0609 /* ASIFormDataRequest.m */ = {isa = PBXFileReference; fileEncoding = 4; lastKnownFileType = sourcecode.c.objc; path = ASIFormDataRequest.m; sourceTree = "<group>"; };
		45F09A9614078A1100EB0609 /* ASIHTTPRequest.h */ = {isa = PBXFileReference; fileEncoding = 4; lastKnownFileType = sourcecode.c.h; path = ASIHTTPRequest.h; sourceTree = "<group>"; };
		45F09A9714078A1100EB0609 /* ASIHTTPRequest.m */ = {isa = PBXFileReference; fileEncoding = 4; lastKnownFileType = sourcecode.c.objc; path = ASIHTTPRequest.m; sourceTree = "<group>"; };
		45F09A9814078A1100EB0609 /* ASIHTTPRequestConfig.h */ = {isa = PBXFileReference; fileEncoding = 4; lastKnownFileType = sourcecode.c.h; path = ASIHTTPRequestConfig.h; sourceTree = "<group>"; };
		45F09A9914078A1100EB0609 /* ASIHTTPRequestDelegate.h */ = {isa = PBXFileReference; fileEncoding = 4; lastKnownFileType = sourcecode.c.h; path = ASIHTTPRequestDelegate.h; sourceTree = "<group>"; };
		45F09A9A14078A1100EB0609 /* ASIInputStream.h */ = {isa = PBXFileReference; fileEncoding = 4; lastKnownFileType = sourcecode.c.h; path = ASIInputStream.h; sourceTree = "<group>"; };
		45F09A9B14078A1100EB0609 /* ASIInputStream.m */ = {isa = PBXFileReference; fileEncoding = 4; lastKnownFileType = sourcecode.c.objc; path = ASIInputStream.m; sourceTree = "<group>"; };
		45F09A9C14078A1100EB0609 /* ASINetworkQueue.h */ = {isa = PBXFileReference; fileEncoding = 4; lastKnownFileType = sourcecode.c.h; path = ASINetworkQueue.h; sourceTree = "<group>"; };
		45F09A9D14078A1100EB0609 /* ASINetworkQueue.m */ = {isa = PBXFileReference; fileEncoding = 4; lastKnownFileType = sourcecode.c.objc; path = ASINetworkQueue.m; sourceTree = "<group>"; };
		45F09A9E14078A1100EB0609 /* ASIProgressDelegate.h */ = {isa = PBXFileReference; fileEncoding = 4; lastKnownFileType = sourcecode.c.h; path = ASIProgressDelegate.h; sourceTree = "<group>"; };
		45F09AA814078A4000EB0609 /* Reachability.h */ = {isa = PBXFileReference; fileEncoding = 4; lastKnownFileType = sourcecode.c.h; path = Reachability.h; sourceTree = "<group>"; };
		45F09AA914078A4000EB0609 /* Reachability.m */ = {isa = PBXFileReference; fileEncoding = 4; lastKnownFileType = sourcecode.c.objc; path = Reachability.m; sourceTree = "<group>"; };
		45F09AAB14078AEA00EB0609 /* CFNetwork.framework */ = {isa = PBXFileReference; lastKnownFileType = wrapper.framework; name = CFNetwork.framework; path = System/Library/Frameworks/CFNetwork.framework; sourceTree = SDKROOT; };
		45F09AAD14078AF300EB0609 /* SystemConfiguration.framework */ = {isa = PBXFileReference; lastKnownFileType = wrapper.framework; name = SystemConfiguration.framework; path = System/Library/Frameworks/SystemConfiguration.framework; sourceTree = SDKROOT; };
		45F09AAF14078AFC00EB0609 /* MobileCoreServices.framework */ = {isa = PBXFileReference; lastKnownFileType = wrapper.framework; name = MobileCoreServices.framework; path = System/Library/Frameworks/MobileCoreServices.framework; sourceTree = SDKROOT; };
		45F09AB114078B0900EB0609 /* CoreGraphics.framework */ = {isa = PBXFileReference; lastKnownFileType = wrapper.framework; name = CoreGraphics.framework; path = System/Library/Frameworks/CoreGraphics.framework; sourceTree = SDKROOT; };
		45F09AB51407A0D800EB0609 /* RegexKitLite.h */ = {isa = PBXFileReference; fileEncoding = 4; lastKnownFileType = sourcecode.c.h; path = RegexKitLite.h; sourceTree = "<group>"; };
		45F09AB61407A0D800EB0609 /* RegexKitLite.m */ = {isa = PBXFileReference; fileEncoding = 4; lastKnownFileType = sourcecode.c.objc; path = RegexKitLite.m; sourceTree = "<group>"; };
		45F09AB81407A1F500EB0609 /* libicucore.dylib */ = {isa = PBXFileReference; lastKnownFileType = "compiled.mach-o.dylib"; name = libicucore.dylib; path = usr/lib/libicucore.dylib; sourceTree = SDKROOT; };
		CBC8C9EF14093108004E5734 /* ASIFormDataRequest+OAuth.h */ = {isa = PBXFileReference; fileEncoding = 4; lastKnownFileType = sourcecode.c.h; path = "ASIFormDataRequest+OAuth.h"; sourceTree = "<group>"; };
		CBC8C9F014093108004E5734 /* ASIFormDataRequest+OAuth.m */ = {isa = PBXFileReference; fileEncoding = 4; lastKnownFileType = sourcecode.c.objc; path = "ASIFormDataRequest+OAuth.m"; sourceTree = "<group>"; };
		CBC8C9F114093108004E5734 /* ASIHTTPRequest+OAuth.h */ = {isa = PBXFileReference; fileEncoding = 4; lastKnownFileType = sourcecode.c.h; path = "ASIHTTPRequest+OAuth.h"; sourceTree = "<group>"; };
		CBC8C9F214093108004E5734 /* ASIHTTPRequest+OAuth.m */ = {isa = PBXFileReference; fileEncoding = 4; lastKnownFileType = sourcecode.c.objc; path = "ASIHTTPRequest+OAuth.m"; sourceTree = "<group>"; };
		CBC8C9F314093108004E5734 /* LICENSE */ = {isa = PBXFileReference; fileEncoding = 4; lastKnownFileType = text; path = LICENSE; sourceTree = "<group>"; };
		CBC8C9F414093108004E5734 /* NSData+Base64.h */ = {isa = PBXFileReference; fileEncoding = 4; lastKnownFileType = sourcecode.c.h; path = "NSData+Base64.h"; sourceTree = "<group>"; };
		CBC8C9F514093108004E5734 /* NSData+Base64.m */ = {isa = PBXFileReference; fileEncoding = 4; lastKnownFileType = sourcecode.c.objc; path = "NSData+Base64.m"; sourceTree = "<group>"; };
		CBC8C9F614093108004E5734 /* NSString+URLEncode.h */ = {isa = PBXFileReference; fileEncoding = 4; lastKnownFileType = sourcecode.c.h; path = "NSString+URLEncode.h"; sourceTree = "<group>"; };
		CBC8C9F714093108004E5734 /* NSString+URLEncode.m */ = {isa = PBXFileReference; fileEncoding = 4; lastKnownFileType = sourcecode.c.objc; path = "NSString+URLEncode.m"; sourceTree = "<group>"; };
		CBC8C9F814093108004E5734 /* README */ = {isa = PBXFileReference; fileEncoding = 4; lastKnownFileType = text; path = README; sourceTree = "<group>"; };
		E797DC3116304C13004580E2 /* libz.1.2.5.dylib */ = {isa = PBXFileReference; lastKnownFileType = "compiled.mach-o.dylib"; name = libz.1.2.5.dylib; path = usr/lib/libz.1.2.5.dylib; sourceTree = SDKROOT; };
		E7DBEF0B140BF839003D1054 /* YahooApi.h */ = {isa = PBXFileReference; fileEncoding = 4; lastKnownFileType = sourcecode.c.h; path = YahooApi.h; sourceTree = "<group>"; };
		E7DBEF0C140BF839003D1054 /* YahooApi.m */ = {isa = PBXFileReference; fileEncoding = 4; lastKnownFileType = sourcecode.c.objc; path = YahooApi.m; sourceTree = "<group>"; };
		E7F491EF140FF2930090D410 /* JSON.h */ = {isa = PBXFileReference; fileEncoding = 4; lastKnownFileType = sourcecode.c.h; path = JSON.h; sourceTree = "<group>"; };
		E7F491F0140FF2930090D410 /* NSObject+SBJSON.h */ = {isa = PBXFileReference; fileEncoding = 4; lastKnownFileType = sourcecode.c.h; path = "NSObject+SBJSON.h"; sourceTree = "<group>"; };
		E7F491F1140FF2930090D410 /* NSObject+SBJSON.m */ = {isa = PBXFileReference; fileEncoding = 4; lastKnownFileType = sourcecode.c.objc; path = "NSObject+SBJSON.m"; sourceTree = "<group>"; };
		E7F491F2140FF2930090D410 /* NSString+SBJSON.h */ = {isa = PBXFileReference; fileEncoding = 4; lastKnownFileType = sourcecode.c.h; path = "NSString+SBJSON.h"; sourceTree = "<group>"; };
		E7F491F3140FF2930090D410 /* NSString+SBJSON.m */ = {isa = PBXFileReference; fileEncoding = 4; lastKnownFileType = sourcecode.c.objc; path = "NSString+SBJSON.m"; sourceTree = "<group>"; };
		E7F491F4140FF2930090D410 /* SBJSON.h */ = {isa = PBXFileReference; fileEncoding = 4; lastKnownFileType = sourcecode.c.h; path = SBJSON.h; sourceTree = "<group>"; };
		E7F491F5140FF2930090D410 /* SBJSON.m */ = {isa = PBXFileReference; fileEncoding = 4; lastKnownFileType = sourcecode.c.objc; path = SBJSON.m; sourceTree = "<group>"; };
		E7F491F6140FF2930090D410 /* SBJsonBase.h */ = {isa = PBXFileReference; fileEncoding = 4; lastKnownFileType = sourcecode.c.h; path = SBJsonBase.h; sourceTree = "<group>"; };
		E7F491F7140FF2930090D410 /* SBJsonBase.m */ = {isa = PBXFileReference; fileEncoding = 4; lastKnownFileType = sourcecode.c.objc; path = SBJsonBase.m; sourceTree = "<group>"; };
		E7F491F8140FF2930090D410 /* SBJsonParser.h */ = {isa = PBXFileReference; fileEncoding = 4; lastKnownFileType = sourcecode.c.h; path = SBJsonParser.h; sourceTree = "<group>"; };
		E7F491F9140FF2930090D410 /* SBJsonParser.m */ = {isa = PBXFileReference; fileEncoding = 4; lastKnownFileType = sourcecode.c.objc; path = SBJsonParser.m; sourceTree = "<group>"; };
		E7F491FA140FF2930090D410 /* SBJsonWriter.h */ = {isa = PBXFileReference; fileEncoding = 4; lastKnownFileType = sourcecode.c.h; path = SBJsonWriter.h; sourceTree = "<group>"; };
		E7F491FB140FF2930090D410 /* SBJsonWriter.m */ = {isa = PBXFileReference; fileEncoding = 4; lastKnownFileType = sourcecode.c.objc; path = SBJsonWriter.m; sourceTree = "<group>"; };
/* End PBXFileReference section */

/* Begin PBXFrameworksBuildPhase section */
		45F09A611407894B00EB0609 /* Frameworks */ = {
			isa = PBXFrameworksBuildPhase;
			buildActionMask = 2147483647;
			files = (
				E797DC3216304C14004580E2 /* libz.1.2.5.dylib in Frameworks */,
				45F09AB91407A1F500EB0609 /* libicucore.dylib in Frameworks */,
				45F09A6D1407894B00EB0609 /* CoreGraphics.framework in Frameworks */,
				45F09AB014078AFC00EB0609 /* MobileCoreServices.framework in Frameworks */,
				45F09AAE14078AF300EB0609 /* SystemConfiguration.framework in Frameworks */,
				45F09AAC14078AEA00EB0609 /* CFNetwork.framework in Frameworks */,
				45F09A691407894B00EB0609 /* UIKit.framework in Frameworks */,
				45F09A6B1407894B00EB0609 /* Foundation.framework in Frameworks */,
			);
			runOnlyForDeploymentPostprocessing = 0;
		};
/* End PBXFrameworksBuildPhase section */

/* Begin PBXGroup section */
		45F09A591407894B00EB0609 = {
			isa = PBXGroup;
			children = (
				E7F491EE140FF2930090D410 /* JSON */,
				E7DBEF0A140BF82B003D1054 /* yahooApi */,
				CBC8C9EE14093108004E5734 /* asiHttpRequestOauth */,
				45F09AB41407A0D800EB0609 /* RegexKit */,
				45F09AA714078A4000EB0609 /* Reachability */,
				45F09A8A14078A1100EB0609 /* ASIHTTPRequest */,
				45F09A6E1407894B00EB0609 /* yahooOauth */,
				45F09A671407894B00EB0609 /* Frameworks */,
				45F09A651407894B00EB0609 /* Products */,
			);
			sourceTree = "<group>";
		};
		45F09A651407894B00EB0609 /* Products */ = {
			isa = PBXGroup;
			children = (
				45F09A641407894B00EB0609 /* yahooOauth.app */,
			);
			name = Products;
			sourceTree = "<group>";
		};
		45F09A671407894B00EB0609 /* Frameworks */ = {
			isa = PBXGroup;
			children = (
				E797DC3116304C13004580E2 /* libz.1.2.5.dylib */,
				45F09AB81407A1F500EB0609 /* libicucore.dylib */,
				45F09AB114078B0900EB0609 /* CoreGraphics.framework */,
				45F09AAF14078AFC00EB0609 /* MobileCoreServices.framework */,
				45F09AAD14078AF300EB0609 /* SystemConfiguration.framework */,
				45F09AAB14078AEA00EB0609 /* CFNetwork.framework */,
				45F09A681407894B00EB0609 /* UIKit.framework */,
				45F09A6A1407894B00EB0609 /* Foundation.framework */,
				45F09A6C1407894B00EB0609 /* CoreGraphics.framework */,
			);
			name = Frameworks;
			sourceTree = "<group>";
		};
		45F09A6E1407894B00EB0609 /* yahooOauth */ = {
			isa = PBXGroup;
			children = (
				45F09A771407894B00EB0609 /* yahooOauthAppDelegate.h */,
				45F09A781407894B00EB0609 /* yahooOauthAppDelegate.m */,
				45F09A7A1407894C00EB0609 /* MainWindow.xib */,
				45F09A7D1407894C00EB0609 /* yahooOauthViewController.h */,
				45F09A7E1407894C00EB0609 /* yahooOauthViewController.m */,
				45F09A801407894C00EB0609 /* yahooOauthViewController.xib */,
				45F09A6F1407894B00EB0609 /* Supporting Files */,
			);
			path = yahooOauth;
			sourceTree = "<group>";
		};
		45F09A6F1407894B00EB0609 /* Supporting Files */ = {
			isa = PBXGroup;
			children = (
				45F09A701407894B00EB0609 /* yahooOauth-Info.plist */,
				45F09A711407894B00EB0609 /* InfoPlist.strings */,
				45F09A741407894B00EB0609 /* yahooOauth-Prefix.pch */,
				45F09A751407894B00EB0609 /* main.m */,
			);
			name = "Supporting Files";
			sourceTree = "<group>";
		};
		45F09A8A14078A1100EB0609 /* ASIHTTPRequest */ = {
			isa = PBXGroup;
			children = (
				45F09A8B14078A1100EB0609 /* ASIAuthenticationDialog.h */,
				45F09A8C14078A1100EB0609 /* ASIAuthenticationDialog.m */,
				45F09A8D14078A1100EB0609 /* ASICacheDelegate.h */,
				45F09A8E14078A1100EB0609 /* ASIDataCompressor.h */,
				45F09A8F14078A1100EB0609 /* ASIDataCompressor.m */,
				45F09A9014078A1100EB0609 /* ASIDataDecompressor.h */,
				45F09A9114078A1100EB0609 /* ASIDataDecompressor.m */,
				45F09A9214078A1100EB0609 /* ASIDownloadCache.h */,
				45F09A9314078A1100EB0609 /* ASIDownloadCache.m */,
				45F09A9414078A1100EB0609 /* ASIFormDataRequest.h */,
				45F09A9514078A1100EB0609 /* ASIFormDataRequest.m */,
				45F09A9614078A1100EB0609 /* ASIHTTPRequest.h */,
				45F09A9714078A1100EB0609 /* ASIHTTPRequest.m */,
				45F09A9814078A1100EB0609 /* ASIHTTPRequestConfig.h */,
				45F09A9914078A1100EB0609 /* ASIHTTPRequestDelegate.h */,
				45F09A9A14078A1100EB0609 /* ASIInputStream.h */,
				45F09A9B14078A1100EB0609 /* ASIInputStream.m */,
				45F09A9C14078A1100EB0609 /* ASINetworkQueue.h */,
				45F09A9D14078A1100EB0609 /* ASINetworkQueue.m */,
				45F09A9E14078A1100EB0609 /* ASIProgressDelegate.h */,
			);
			name = ASIHTTPRequest;
			path = yahooOauth/ASIHTTPRequest;
			sourceTree = "<group>";
		};
		45F09AA714078A4000EB0609 /* Reachability */ = {
			isa = PBXGroup;
			children = (
				45F09AA814078A4000EB0609 /* Reachability.h */,
				45F09AA914078A4000EB0609 /* Reachability.m */,
			);
			name = Reachability;
			path = yahooOauth/Reachability;
			sourceTree = "<group>";
		};
		45F09AB41407A0D800EB0609 /* RegexKit */ = {
			isa = PBXGroup;
			children = (
				45F09AB51407A0D800EB0609 /* RegexKitLite.h */,
				45F09AB61407A0D800EB0609 /* RegexKitLite.m */,
			);
			name = RegexKit;
			path = yahooOauth/RegexKit;
			sourceTree = "<group>";
		};
		CBC8C9EE14093108004E5734 /* asiHttpRequestOauth */ = {
			isa = PBXGroup;
			children = (
				CBC8C9EF14093108004E5734 /* ASIFormDataRequest+OAuth.h */,
				CBC8C9F014093108004E5734 /* ASIFormDataRequest+OAuth.m */,
				CBC8C9F114093108004E5734 /* ASIHTTPRequest+OAuth.h */,
				CBC8C9F214093108004E5734 /* ASIHTTPRequest+OAuth.m */,
				CBC8C9F314093108004E5734 /* LICENSE */,
				CBC8C9F414093108004E5734 /* NSData+Base64.h */,
				CBC8C9F514093108004E5734 /* NSData+Base64.m */,
				CBC8C9F614093108004E5734 /* NSString+URLEncode.h */,
				CBC8C9F714093108004E5734 /* NSString+URLEncode.m */,
				CBC8C9F814093108004E5734 /* README */,
			);
			name = asiHttpRequestOauth;
			path = yahooOauth/asiHttpRequestOauth;
			sourceTree = "<group>";
		};
		E7DBEF0A140BF82B003D1054 /* yahooApi */ = {
			isa = PBXGroup;
			children = (
				E7DBEF0B140BF839003D1054 /* YahooApi.h */,
				E7DBEF0C140BF839003D1054 /* YahooApi.m */,
			);
			name = yahooApi;
			path = yahooOauth/yahooApi;
			sourceTree = "<group>";
		};
		E7F491EE140FF2930090D410 /* JSON */ = {
			isa = PBXGroup;
			children = (
				E7F491EF140FF2930090D410 /* JSON.h */,
				E7F491F0140FF2930090D410 /* NSObject+SBJSON.h */,
				E7F491F1140FF2930090D410 /* NSObject+SBJSON.m */,
				E7F491F2140FF2930090D410 /* NSString+SBJSON.h */,
				E7F491F3140FF2930090D410 /* NSString+SBJSON.m */,
				E7F491F4140FF2930090D410 /* SBJSON.h */,
				E7F491F5140FF2930090D410 /* SBJSON.m */,
				E7F491F6140FF2930090D410 /* SBJsonBase.h */,
				E7F491F7140FF2930090D410 /* SBJsonBase.m */,
				E7F491F8140FF2930090D410 /* SBJsonParser.h */,
				E7F491F9140FF2930090D410 /* SBJsonParser.m */,
				E7F491FA140FF2930090D410 /* SBJsonWriter.h */,
				E7F491FB140FF2930090D410 /* SBJsonWriter.m */,
			);
			name = JSON;
			path = yahooOauth/JSON;
			sourceTree = "<group>";
		};
/* End PBXGroup section */

/* Begin PBXNativeTarget section */
		45F09A631407894B00EB0609 /* yahooOauth */ = {
			isa = PBXNativeTarget;
			buildConfigurationList = 45F09A851407894C00EB0609 /* Build configuration list for PBXNativeTarget "yahooOauth" */;
			buildPhases = (
				45F09A601407894B00EB0609 /* Sources */,
				45F09A611407894B00EB0609 /* Frameworks */,
				45F09A621407894B00EB0609 /* Resources */,
			);
			buildRules = (
			);
			dependencies = (
			);
			name = yahooOauth;
			productName = yahooOauth;
			productReference = 45F09A641407894B00EB0609 /* yahooOauth.app */;
			productType = "com.apple.product-type.application";
		};
/* End PBXNativeTarget section */

/* Begin PBXProject section */
		45F09A5B1407894B00EB0609 /* Project object */ = {
			isa = PBXProject;
			buildConfigurationList = 45F09A5E1407894B00EB0609 /* Build configuration list for PBXProject "yahooOauth" */;
			compatibilityVersion = "Xcode 3.2";
			developmentRegion = English;
			hasScannedForEncodings = 0;
			knownRegions = (
				en,
			);
			mainGroup = 45F09A591407894B00EB0609;
			productRefGroup = 45F09A651407894B00EB0609 /* Products */;
			projectDirPath = "";
			projectRoot = "";
			targets = (
				45F09A631407894B00EB0609 /* yahooOauth */,
			);
		};
/* End PBXProject section */

/* Begin PBXResourcesBuildPhase section */
		45F09A621407894B00EB0609 /* Resources */ = {
			isa = PBXResourcesBuildPhase;
			buildActionMask = 2147483647;
			files = (
				45F09A731407894B00EB0609 /* InfoPlist.strings in Resources */,
				45F09A7C1407894C00EB0609 /* MainWindow.xib in Resources */,
				45F09A821407894C00EB0609 /* yahooOauthViewController.xib in Resources */,
				CBC8C9FB14093108004E5734 /* LICENSE in Resources */,
				CBC8C9FE14093108004E5734 /* README in Resources */,
			);
			runOnlyForDeploymentPostprocessing = 0;
		};
/* End PBXResourcesBuildPhase section */

/* Begin PBXSourcesBuildPhase section */
		45F09A601407894B00EB0609 /* Sources */ = {
			isa = PBXSourcesBuildPhase;
			buildActionMask = 2147483647;
			files = (
				45F09A761407894B00EB0609 /* main.m in Sources */,
				45F09A791407894B00EB0609 /* yahooOauthAppDelegate.m in Sources */,
				45F09A7F1407894C00EB0609 /* yahooOauthViewController.m in Sources */,
				45F09A9F14078A1100EB0609 /* ASIAuthenticationDialog.m in Sources */,
				45F09AA014078A1100EB0609 /* ASIDataCompressor.m in Sources */,
				45F09AA114078A1100EB0609 /* ASIDataDecompressor.m in Sources */,
				45F09AA214078A1100EB0609 /* ASIDownloadCache.m in Sources */,
				45F09AA314078A1100EB0609 /* ASIFormDataRequest.m in Sources */,
				45F09AA414078A1100EB0609 /* ASIHTTPRequest.m in Sources */,
				45F09AA514078A1100EB0609 /* ASIInputStream.m in Sources */,
				45F09AA614078A1100EB0609 /* ASINetworkQueue.m in Sources */,
				45F09AAA14078A4000EB0609 /* Reachability.m in Sources */,
				45F09AB71407A0D800EB0609 /* RegexKitLite.m in Sources */,
				CBC8C9F914093108004E5734 /* ASIFormDataRequest+OAuth.m in Sources */,
				CBC8C9FA14093108004E5734 /* ASIHTTPRequest+OAuth.m in Sources */,
				CBC8C9FC14093108004E5734 /* NSData+Base64.m in Sources */,
				CBC8C9FD14093108004E5734 /* NSString+URLEncode.m in Sources */,
				E7DBEF0D140BF839003D1054 /* YahooApi.m in Sources */,
				E7F491FC140FF2930090D410 /* NSObject+SBJSON.m in Sources */,
				E7F491FD140FF2930090D410 /* NSString+SBJSON.m in Sources */,
				E7F491FE140FF2930090D410 /* SBJSON.m in Sources */,
				E7F491FF140FF2930090D410 /* SBJsonBase.m in Sources */,
				E7F49200140FF2930090D410 /* SBJsonParser.m in Sources */,
				E7F49201140FF2930090D410 /* SBJsonWriter.m in Sources */,
			);
			runOnlyForDeploymentPostprocessing = 0;
		};
/* End PBXSourcesBuildPhase section */

/* Begin PBXVariantGroup section */
		45F09A711407894B00EB0609 /* InfoPlist.strings */ = {
			isa = PBXVariantGroup;
			children = (
				45F09A721407894B00EB0609 /* en */,
			);
			name = InfoPlist.strings;
			sourceTree = "<group>";
		};
		45F09A7A1407894C00EB0609 /* MainWindow.xib */ = {
			isa = PBXVariantGroup;
			children = (
				45F09A7B1407894C00EB0609 /* en */,
			);
			name = MainWindow.xib;
			sourceTree = "<group>";
		};
		45F09A801407894C00EB0609 /* yahooOauthViewController.xib */ = {
			isa = PBXVariantGroup;
			children = (
				45F09A811407894C00EB0609 /* en */,
			);
			name = yahooOauthViewController.xib;
			sourceTree = "<group>";
		};
/* End PBXVariantGroup section */

/* Begin XCBuildConfiguration section */
		45F09A831407894C00EB0609 /* Debug */ = {
			isa = XCBuildConfiguration;
			buildSettings = {
				ARCHS = "$(ARCHS_STANDARD_32_BIT)";
				"CODE_SIGN_IDENTITY[sdk=iphoneos*]" = "iPhone Developer";
				GCC_C_LANGUAGE_STANDARD = gnu99;
				GCC_OPTIMIZATION_LEVEL = 0;
				GCC_PREPROCESSOR_DEFINITIONS = DEBUG;
				GCC_SYMBOLS_PRIVATE_EXTERN = NO;
				GCC_VERSION = com.apple.compilers.llvmgcc42;
				GCC_WARN_ABOUT_RETURN_TYPE = YES;
				GCC_WARN_UNUSED_VARIABLE = YES;
				IPHONEOS_DEPLOYMENT_TARGET = 4.3;
				SDKROOT = iphoneos;
			};
			name = Debug;
		};
		45F09A841407894C00EB0609 /* Release */ = {
			isa = XCBuildConfiguration;
			buildSettings = {
				ARCHS = "$(ARCHS_STANDARD_32_BIT)";
				"CODE_SIGN_IDENTITY[sdk=iphoneos*]" = "iPhone Developer";
				GCC_C_LANGUAGE_STANDARD = gnu99;
				GCC_VERSION = com.apple.compilers.llvmgcc42;
				GCC_WARN_ABOUT_RETURN_TYPE = YES;
				GCC_WARN_UNUSED_VARIABLE = YES;
				IPHONEOS_DEPLOYMENT_TARGET = 4.3;
				OTHER_CFLAGS = "-DNS_BLOCK_ASSERTIONS=1";
				SDKROOT = iphoneos;
			};
			name = Release;
		};
		45F09A861407894C00EB0609 /* Debug */ = {
			isa = XCBuildConfiguration;
			buildSettings = {
				ALWAYS_SEARCH_USER_PATHS = NO;
				COPY_PHASE_STRIP = NO;
				GCC_DYNAMIC_NO_PIC = NO;
				GCC_PRECOMPILE_PREFIX_HEADER = YES;
				GCC_PREFIX_HEADER = "yahooOauth/yahooOauth-Prefix.pch";
				INFOPLIST_FILE = "yahooOauth/yahooOauth-Info.plist";
				PRODUCT_NAME = "$(TARGET_NAME)";
				WRAPPER_EXTENSION = app;
			};
			name = Debug;
		};
		45F09A871407894C00EB0609 /* Release */ = {
			isa = XCBuildConfiguration;
			buildSettings = {
				ALWAYS_SEARCH_USER_PATHS = NO;
				COPY_PHASE_STRIP = YES;
				GCC_PRECOMPILE_PREFIX_HEADER = YES;
				GCC_PREFIX_HEADER = "yahooOauth/yahooOauth-Prefix.pch";
				INFOPLIST_FILE = "yahooOauth/yahooOauth-Info.plist";
				PRODUCT_NAME = "$(TARGET_NAME)";
				VALIDATE_PRODUCT = YES;
				WRAPPER_EXTENSION = app;
			};
			name = Release;
		};
/* End XCBuildConfiguration section */

/* Begin XCConfigurationList section */
		45F09A5E1407894B00EB0609 /* Build configuration list for PBXProject "yahooOauth" */ = {
			isa = XCConfigurationList;
			buildConfigurations = (
				45F09A831407894C00EB0609 /* Debug */,
				45F09A841407894C00EB0609 /* Release */,
			);
			defaultConfigurationIsVisible = 0;
			defaultConfigurationName = Release;
		};
		45F09A851407894C00EB0609 /* Build configuration list for PBXNativeTarget "yahooOauth" */ = {
			isa = XCConfigurationList;
			buildConfigurations = (
				45F09A861407894C00EB0609 /* Debug */,
				45F09A871407894C00EB0609 /* Release */,
			);
			defaultConfigurationIsVisible = 0;
			defaultConfigurationName = Release;
		};
/* End XCConfigurationList section */
	};
	rootObject = 45F09A5B1407894B00EB0609 /* Project object */;
}
